
Microsoft Visual Studio Solution File, Format Version 12.00
# Visual Studio Version 17
VisualStudioVersion = 17.5.33414.496
MinimumVisualStudioVersion = 10.0.40219.1
Project("{FAE04EC0-301F-11D3-BF4B-00C04F79EFBC}") = "Proyecto25AM-CristhianHuchim", "Proyecto25AM-CristhianHuchim\Proyecto25AM-CristhianHuchim.csproj", "{8EE0AD3A-896C-418F-9A66-F6728C327251}"
EndProject
Project("{FAE04EC0-301F-11D3-BF4B-00C04F79EFBC}") = "Domain", "Domain\Domain.csproj", "{C65B8F06-35A6-4695-82BB-3B8AA5DC32BF}"
EndProject
Global
	GlobalSection(SolutionConfigurationPlatforms) = preSolution
		Debug|Any CPU = Debug|Any CPU
		Release|Any CPU = Release|Any CPU
	EndGlobalSection
	GlobalSection(ProjectConfigurationPlatforms) = postSolution
		{8EE0AD3A-896C-418F-9A66-F6728C327251}.Debug|Any CPU.ActiveCfg = Debug|Any CPU
		{8EE0AD3A-896C-418F-9A66-F6728C327251}.Debug|Any CPU.Build.0 = Debug|Any CPU
		{8EE0AD3A-896C-418F-9A66-F6728C327251}.Release|Any CPU.ActiveCfg = Release|Any CPU
		{8EE0AD3A-896C-418F-9A66-F6728C327251}.Release|Any CPU.Build.0 = Release|Any CPU
		{C65B8F06-35A6-4695-82BB-3B8AA5DC32BF}.Debug|Any CPU.ActiveCfg = Debug|Any CPU
		{C65B8F06-35A6-4695-82BB-3B8AA5DC32BF}.Debug|Any CPU.Build.0 = Debug|Any CPU
		{C65B8F06-35A6-4695-82BB-3B8AA5DC32BF}.Release|Any CPU.ActiveCfg = Release|Any CPU
		{C65B8F06-35A6-4695-82BB-3B8AA5DC32BF}.Release|Any CPU.Build.0 = Release|Any CPU
	EndGlobalSection
	GlobalSection(SolutionProperties) = preSolution
		HideSolutionNode = FALSE
	EndGlobalSection
	GlobalSection(ExtensibilityGlobals) = postSolution
		SolutionGuid = {4AA8AA83-B59C-4589-826F-39344FDFDFA5}
	EndGlobalSection
EndGlobal
